
Microsoft Visual Studio Solution File, Format Version 12.00
# Visual Studio Version 17
VisualStudioVersion = 17.1.32328.378
MinimumVisualStudioVersion = 10.0.40219.1
Project("{9A19103F-16F7-4668-BE54-9A1E7A4F7556}") = "Kampintro", "Kampintro\Kampintro.csproj", "{0472D6A3-BCC6-429D-A7D6-68FD1851D254}"
EndProject
Project("{9A19103F-16F7-4668-BE54-9A1E7A4F7556}") = "Donguler", "Donguler\Donguler.csproj", "{12813F97-4EAB-4812-A696-E32FEE200139}"
EndProject
Project("{9A19103F-16F7-4668-BE54-9A1E7A4F7556}") = "Classintro", "Classintro\Classintro.csproj", "{E076D32D-C86C-40F5-B9A3-56272A07405F}"
EndProject
Project("{9A19103F-16F7-4668-BE54-9A1E7A4F7556}") = "Metotlar", "Metotlar\Metotlar.csproj", "{B341D70E-31DB-4AF2-8616-799D63B6C03B}"
EndProject
Project("{9A19103F-16F7-4668-BE54-9A1E7A4F7556}") = "Matematik", "Matematik\Matematik.csproj", "{8E892659-75AC-4D84-BABA-1533AB7D6C4B}"
EndProject
Project("{9A19103F-16F7-4668-BE54-9A1E7A4F7556}") = "DegerVeReferansTipler", "DegerVeReferansTipler\DegerVeReferansTipler.csproj", "{6EB4E975-01CA-466B-8BE9-1C6295F9126D}"
EndProject
Project("{9A19103F-16F7-4668-BE54-9A1E7A4F7556}") = "silinecek2", "silinecek2\silinecek2.csproj", "{29FDC901-DBF6-4CD1-A217-A4C733E53D09}"
EndProject
Project("{9A19103F-16F7-4668-BE54-9A1E7A4F7556}") = "ClassMetotDemo", "ClassMetotDemo\ClassMetotDemo.csproj", "{FEAB55FB-CDAF-47BA-AB6F-ED22B1869B2E}"
EndProject
Project("{9A19103F-16F7-4668-BE54-9A1E7A4F7556}") = "OOP1", "OOP1\OOP1.csproj", "{F10F9F14-11C8-40B2-BC0E-4FC16F4B6EBA}"
EndProject
Project("{9A19103F-16F7-4668-BE54-9A1E7A4F7556}") = "Koleksiyonlar", "Koleksiyonlar\Koleksiyonlar.csproj", "{31C6BDEF-A477-4ED7-A8C0-D4E170E53B64}"
EndProject
Project("{9A19103F-16F7-4668-BE54-9A1E7A4F7556}") = "GenericsIntro", "GenericsIntro\GenericsIntro.csproj", "{148C5EC0-C473-4B74-B516-264630D247F9}"
EndProject
Project("{9A19103F-16F7-4668-BE54-9A1E7A4F7556}") = "MyListDemo", "MyListDemo\MyListDemo.csproj", "{D4359637-14BF-4650-8FC9-A0AA604CE974}"
EndProject
Project("{9A19103F-16F7-4668-BE54-9A1E7A4F7556}") = "Oop2", "Oop2\Oop2.csproj", "{B436B5A6-4D55-488C-8DC4-34B2D893DF58}"
EndProject
Project("{FAE04EC0-301F-11D3-BF4B-00C04F79EFBC}") = "OOP3", "OOP3\OOP3.csproj", "{5AB37E99-93CF-4834-B1F9-EBBE84FC7DBA}"
EndProject
Global
	GlobalSection(SolutionConfigurationPlatforms) = preSolution
		Debug|Any CPU = Debug|Any CPU
		Release|Any CPU = Release|Any CPU
	EndGlobalSection
	GlobalSection(ProjectConfigurationPlatforms) = postSolution
		{0472D6A3-BCC6-429D-A7D6-68FD1851D254}.Debug|Any CPU.ActiveCfg = Debug|Any CPU
		{0472D6A3-BCC6-429D-A7D6-68FD1851D254}.Debug|Any CPU.Build.0 = Debug|Any CPU
		{0472D6A3-BCC6-429D-A7D6-68FD1851D254}.Release|Any CPU.ActiveCfg = Release|Any CPU
		{0472D6A3-BCC6-429D-A7D6-68FD1851D254}.Release|Any CPU.Build.0 = Release|Any CPU
		{12813F97-4EAB-4812-A696-E32FEE200139}.Debug|Any CPU.ActiveCfg = Debug|Any CPU
		{12813F97-4EAB-4812-A696-E32FEE200139}.Debug|Any CPU.Build.0 = Debug|Any CPU
		{12813F97-4EAB-4812-A696-E32FEE200139}.Release|Any CPU.ActiveCfg = Release|Any CPU
		{12813F97-4EAB-4812-A696-E32FEE200139}.Release|Any CPU.Build.0 = Release|Any CPU
		{E076D32D-C86C-40F5-B9A3-56272A07405F}.Debug|Any CPU.ActiveCfg = Debug|Any CPU
		{E076D32D-C86C-40F5-B9A3-56272A07405F}.Debug|Any CPU.Build.0 = Debug|Any CPU
		{E076D32D-C86C-40F5-B9A3-56272A07405F}.Release|Any CPU.ActiveCfg = Release|Any CPU
		{E076D32D-C86C-40F5-B9A3-56272A07405F}.Release|Any CPU.Build.0 = Release|Any CPU
		{B341D70E-31DB-4AF2-8616-799D63B6C03B}.Debug|Any CPU.ActiveCfg = Debug|Any CPU
		{B341D70E-31DB-4AF2-8616-799D63B6C03B}.Debug|Any CPU.Build.0 = Debug|Any CPU
		{B341D70E-31DB-4AF2-8616-799D63B6C03B}.Release|Any CPU.ActiveCfg = Release|Any CPU
		{B341D70E-31DB-4AF2-8616-799D63B6C03B}.Release|Any CPU.Build.0 = Release|Any CPU
		{8E892659-75AC-4D84-BABA-1533AB7D6C4B}.Debug|Any CPU.ActiveCfg = Debug|Any CPU
		{8E892659-75AC-4D84-BABA-1533AB7D6C4B}.Debug|Any CPU.Build.0 = Debug|Any CPU
		{8E892659-75AC-4D84-BABA-1533AB7D6C4B}.Release|Any CPU.ActiveCfg = Release|Any CPU
		{8E892659-75AC-4D84-BABA-1533AB7D6C4B}.Release|Any CPU.Build.0 = Release|Any CPU
		{6EB4E975-01CA-466B-8BE9-1C6295F9126D}.Debug|Any CPU.ActiveCfg = Debug|Any CPU
		{6EB4E975-01CA-466B-8BE9-1C6295F9126D}.Debug|Any CPU.Build.0 = Debug|Any CPU
		{6EB4E975-01CA-466B-8BE9-1C6295F9126D}.Release|Any CPU.ActiveCfg = Release|Any CPU
		{6EB4E975-01CA-466B-8BE9-1C6295F9126D}.Release|Any CPU.Build.0 = Release|Any CPU
		{29FDC901-DBF6-4CD1-A217-A4C733E53D09}.Debug|Any CPU.ActiveCfg = Debug|Any CPU
		{29FDC901-DBF6-4CD1-A217-A4C733E53D09}.Debug|Any CPU.Build.0 = Debug|Any CPU
		{29FDC901-DBF6-4CD1-A217-A4C733E53D09}.Release|Any CPU.ActiveCfg = Release|Any CPU
		{29FDC901-DBF6-4CD1-A217-A4C733E53D09}.Release|Any CPU.Build.0 = Release|Any CPU
		{FEAB55FB-CDAF-47BA-AB6F-ED22B1869B2E}.Debug|Any CPU.ActiveCfg = Debug|Any CPU
		{FEAB55FB-CDAF-47BA-AB6F-ED22B1869B2E}.Debug|Any CPU.Build.0 = Debug|Any CPU
		{FEAB55FB-CDAF-47BA-AB6F-ED22B1869B2E}.Release|Any CPU.ActiveCfg = Release|Any CPU
		{FEAB55FB-CDAF-47BA-AB6F-ED22B1869B2E}.Release|Any CPU.Build.0 = Release|Any CPU
		{F10F9F14-11C8-40B2-BC0E-4FC16F4B6EBA}.Debug|Any CPU.ActiveCfg = Debug|Any CPU
		{F10F9F14-11C8-40B2-BC0E-4FC16F4B6EBA}.Debug|Any CPU.Build.0 = Debug|Any CPU
		{F10F9F14-11C8-40B2-BC0E-4FC16F4B6EBA}.Release|Any CPU.ActiveCfg = Release|Any CPU
		{F10F9F14-11C8-40B2-BC0E-4FC16F4B6EBA}.Release|Any CPU.Build.0 = Release|Any CPU
		{31C6BDEF-A477-4ED7-A8C0-D4E170E53B64}.Debug|Any CPU.ActiveCfg = Debug|Any CPU
		{31C6BDEF-A477-4ED7-A8C0-D4E170E53B64}.Debug|Any CPU.Build.0 = Debug|Any CPU
		{31C6BDEF-A477-4ED7-A8C0-D4E170E53B64}.Release|Any CPU.ActiveCfg = Release|Any CPU
		{31C6BDEF-A477-4ED7-A8C0-D4E170E53B64}.Release|Any CPU.Build.0 = Release|Any CPU
		{148C5EC0-C473-4B74-B516-264630D247F9}.Debug|Any CPU.ActiveCfg = Debug|Any CPU
		{148C5EC0-C473-4B74-B516-264630D247F9}.Debug|Any CPU.Build.0 = Debug|Any CPU
		{148C5EC0-C473-4B74-B516-264630D247F9}.Release|Any CPU.ActiveCfg = Release|Any CPU
		{148C5EC0-C473-4B74-B516-264630D247F9}.Release|Any CPU.Build.0 = Release|Any CPU
		{D4359637-14BF-4650-8FC9-A0AA604CE974}.Debug|Any CPU.ActiveCfg = Debug|Any CPU
		{D4359637-14BF-4650-8FC9-A0AA604CE974}.Debug|Any CPU.Build.0 = Debug|Any CPU
		{D4359637-14BF-4650-8FC9-A0AA604CE974}.Release|Any CPU.ActiveCfg = Release|Any CPU
		{D4359637-14BF-4650-8FC9-A0AA604CE974}.Release|Any CPU.Build.0 = Release|Any CPU
		{B436B5A6-4D55-488C-8DC4-34B2D893DF58}.Debug|Any CPU.ActiveCfg = Debug|Any CPU
		{B436B5A6-4D55-488C-8DC4-34B2D893DF58}.Debug|Any CPU.Build.0 = Debug|Any CPU
		{B436B5A6-4D55-488C-8DC4-34B2D893DF58}.Release|Any CPU.ActiveCfg = Release|Any CPU
		{B436B5A6-4D55-488C-8DC4-34B2D893DF58}.Release|Any CPU.Build.0 = Release|Any CPU
		{5AB37E99-93CF-4834-B1F9-EBBE84FC7DBA}.Debug|Any CPU.ActiveCfg = Debug|Any CPU
		{5AB37E99-93CF-4834-B1F9-EBBE84FC7DBA}.Debug|Any CPU.Build.0 = Debug|Any CPU
		{5AB37E99-93CF-4834-B1F9-EBBE84FC7DBA}.Release|Any CPU.ActiveCfg = Release|Any CPU
		{5AB37E99-93CF-4834-B1F9-EBBE84FC7DBA}.Release|Any CPU.Build.0 = Release|Any CPU
	EndGlobalSection
	GlobalSection(SolutionProperties) = preSolution
		HideSolutionNode = FALSE
	EndGlobalSection
	GlobalSection(ExtensibilityGlobals) = postSolution
		SolutionGuid = {DD8C87E5-6157-46F9-9590-CDC629D675D1}
	EndGlobalSection
EndGlobal
